
Microsoft Visual Studio Solution File, Format Version 12.00
Project("{FAE04EC0-301F-11D3-BF4B-00C04F79EFBC}") = "CustomManagementDemo.API", "CustomManagementDemo.API\CustomManagementDemo.API.csproj", "{9ADB36A5-D3BA-4D88-8B79-BA86A902ADFB}"
EndProject
Global
	GlobalSection(SolutionConfigurationPlatforms) = preSolution
		Debug|Any CPU = Debug|Any CPU
		Release|Any CPU = Release|Any CPU
	EndGlobalSection
	GlobalSection(ProjectConfigurationPlatforms) = postSolution
		{9ADB36A5-D3BA-4D88-8B79-BA86A902ADFB}.Debug|Any CPU.ActiveCfg = Debug|Any CPU
		{9ADB36A5-D3BA-4D88-8B79-BA86A902ADFB}.Debug|Any CPU.Build.0 = Debug|Any CPU
		{9ADB36A5-D3BA-4D88-8B79-BA86A902ADFB}.Release|Any CPU.ActiveCfg = Release|Any CPU
		{9ADB36A5-D3BA-4D88-8B79-BA86A902ADFB}.Release|Any CPU.Build.0 = Release|Any CPU
	EndGlobalSection
EndGlobal
